// !$*UTF8*$!
{
	archiveVersion = 1;
	classes = {
	};
	objectVersion = 46;
	objects = {

/* Begin PBXBuildFile section */
		3A2785611F24BB7E00E2E5EB /* AppDelegate.swift in Sources */ = {isa = PBXBuildFile; fileRef = 3A2785601F24BB7E00E2E5EB /* AppDelegate.swift */; };
		3A2785631F24BB7E00E2E5EB /* ViewController.swift in Sources */ = {isa = PBXBuildFile; fileRef = 3A2785621F24BB7E00E2E5EB /* ViewController.swift */; };
		3A2785661F24BB7E00E2E5EB /* Main.storyboard in Resources */ = {isa = PBXBuildFile; fileRef = 3A2785641F24BB7E00E2E5EB /* Main.storyboard */; };
		3A2785691F24BB7E00E2E5EB /* AdaptizerDemo.xcdatamodeld in Sources */ = {isa = PBXBuildFile; fileRef = 3A2785671F24BB7E00E2E5EB /* AdaptizerDemo.xcdatamodeld */; };
		3A27856B1F24BB7E00E2E5EB /* Assets.xcassets in Resources */ = {isa = PBXBuildFile; fileRef = 3A27856A1F24BB7E00E2E5EB /* Assets.xcassets */; };
		3A27856E1F24BB7E00E2E5EB /* LaunchScreen.storyboard in Resources */ = {isa = PBXBuildFile; fileRef = 3A27856C1F24BB7E00E2E5EB /* LaunchScreen.storyboard */; };
		3A2785791F24BB7E00E2E5EB /* AdaptizerDemoTests.swift in Sources */ = {isa = PBXBuildFile; fileRef = 3A2785781F24BB7E00E2E5EB /* AdaptizerDemoTests.swift */; };
		3A2785841F24BB7E00E2E5EB /* AdaptizerDemoUITests.swift in Sources */ = {isa = PBXBuildFile; fileRef = 3A2785831F24BB7E00E2E5EB /* AdaptizerDemoUITests.swift */; };
		3A2785921F24BB8700E2E5EB /* Adaptizer.swift in Sources */ = {isa = PBXBuildFile; fileRef = 3A2785911F24BB8700E2E5EB /* Adaptizer.swift */; };
/* End PBXBuildFile section */

/* Begin PBXContainerItemProxy section */
		3A2785751F24BB7E00E2E5EB /* PBXContainerItemProxy */ = {
			isa = PBXContainerItemProxy;
			containerPortal = 3A2785551F24BB7E00E2E5EB /* Project object */;
			proxyType = 1;
			remoteGlobalIDString = 3A27855C1F24BB7E00E2E5EB;
			remoteInfo = AdaptizerDemo;
		};
		3A2785801F24BB7E00E2E5EB /* PBXContainerItemProxy */ = {
			isa = PBXContainerItemProxy;
			containerPortal = 3A2785551F24BB7E00E2E5EB /* Project object */;
			proxyType = 1;
			remoteGlobalIDString = 3A27855C1F24BB7E00E2E5EB;
			remoteInfo = AdaptizerDemo;
		};
/* End PBXContainerItemProxy section */

/* Begin PBXFileReference section */
		3A27855D1F24BB7E00E2E5EB /* AdaptizerDemo.app */ = {isa = PBXFileReference; explicitFileType = wrapper.application; includeInIndex = 0; path = AdaptizerDemo.app; sourceTree = BUILT_PRODUCTS_DIR; };
		3A2785601F24BB7E00E2E5EB /* AppDelegate.swift */ = {isa = PBXFileReference; lastKnownFileType = sourcecode.swift; path = AppDelegate.swift; sourceTree = "<group>"; };
		3A2785621F24BB7E00E2E5EB /* ViewController.swift */ = {isa = PBXFileReference; lastKnownFileType = sourcecode.swift; path = ViewController.swift; sourceTree = "<group>"; };
		3A2785651F24BB7E00E2E5EB /* Base */ = {isa = PBXFileReference; lastKnownFileType = file.storyboard; name = Base; path = Base.lproj/Main.storyboard; sourceTree = "<group>"; };
		3A2785681F24BB7E00E2E5EB /* AdaptizerDemo.xcdatamodel */ = {isa = PBXFileReference; lastKnownFileType = wrapper.xcdatamodel; path = AdaptizerDemo.xcdatamodel; sourceTree = "<group>"; };
		3A27856A1F24BB7E00E2E5EB /* Assets.xcassets */ = {isa = PBXFileReference; lastKnownFileType = folder.assetcatalog; path = Assets.xcassets; sourceTree = "<group>"; };
		3A27856D1F24BB7E00E2E5EB /* Base */ = {isa = PBXFileReference; lastKnownFileType = file.storyboard; name = Base; path = Base.lproj/LaunchScreen.storyboard; sourceTree = "<group>"; };
		3A27856F1F24BB7E00E2E5EB /* Info.plist */ = {isa = PBXFileReference; lastKnownFileType = text.plist.xml; path = Info.plist; sourceTree = "<group>"; };
		3A2785741F24BB7E00E2E5EB /* AdaptizerDemoTests.xctest */ = {isa = PBXFileReference; explicitFileType = wrapper.cfbundle; includeInIndex = 0; path = AdaptizerDemoTests.xctest; sourceTree = BUILT_PRODUCTS_DIR; };
		3A2785781F24BB7E00E2E5EB /* AdaptizerDemoTests.swift */ = {isa = PBXFileReference; lastKnownFileType = sourcecode.swift; path = AdaptizerDemoTests.swift; sourceTree = "<group>"; };
		3A27857A1F24BB7E00E2E5EB /* Info.plist */ = {isa = PBXFileReference; lastKnownFileType = text.plist.xml; path = Info.plist; sourceTree = "<group>"; };
		3A27857F1F24BB7E00E2E5EB /* AdaptizerDemoUITests.xctest */ = {isa = PBXFileReference; explicitFileType = wrapper.cfbundle; includeInIndex = 0; path = AdaptizerDemoUITests.xctest; sourceTree = BUILT_PRODUCTS_DIR; };
		3A2785831F24BB7E00E2E5EB /* AdaptizerDemoUITests.swift */ = {isa = PBXFileReference; lastKnownFileType = sourcecode.swift; path = AdaptizerDemoUITests.swift; sourceTree = "<group>"; };
		3A2785851F24BB7E00E2E5EB /* Info.plist */ = {isa = PBXFileReference; lastKnownFileType = text.plist.xml; path = Info.plist; sourceTree = "<group>"; };
		3A2785911F24BB8700E2E5EB /* Adaptizer.swift */ = {isa = PBXFileReference; fileEncoding = 4; lastKnownFileType = sourcecode.swift; path = Adaptizer.swift; sourceTree = "<group>"; };
/* End PBXFileReference section */

/* Begin PBXFrameworksBuildPhase section */
		3A27855A1F24BB7E00E2E5EB /* Frameworks */ = {
			isa = PBXFrameworksBuildPhase;
			buildActionMask = 2147483647;
			files = (
			);
			runOnlyForDeploymentPostprocessing = 0;
		};
		3A2785711F24BB7E00E2E5EB /* Frameworks */ = {
			isa = PBXFrameworksBuildPhase;
			buildActionMask = 2147483647;
			files = (
			);
			runOnlyForDeploymentPostprocessing = 0;
		};
		3A27857C1F24BB7E00E2E5EB /* Frameworks */ = {
			isa = PBXFrameworksBuildPhase;
			buildActionMask = 2147483647;
			files = (
			);
			runOnlyForDeploymentPostprocessing = 0;
		};
/* End PBXFrameworksBuildPhase section */

/* Begin PBXGroup section */
		3A2785541F24BB7E00E2E5EB = {
			isa = PBXGroup;
			children = (
				3A27855F1F24BB7E00E2E5EB /* AdaptizerDemo */,
				3A2785771F24BB7E00E2E5EB /* AdaptizerDemoTests */,
				3A2785821F24BB7E00E2E5EB /* AdaptizerDemoUITests */,
				3A27855E1F24BB7E00E2E5EB /* Products */,
			);
			sourceTree = "<group>";
		};
		3A27855E1F24BB7E00E2E5EB /* Products */ = {
			isa = PBXGroup;
			children = (
				3A27855D1F24BB7E00E2E5EB /* AdaptizerDemo.app */,
				3A2785741F24BB7E00E2E5EB /* AdaptizerDemoTests.xctest */,
				3A27857F1F24BB7E00E2E5EB /* AdaptizerDemoUITests.xctest */,
			);
			name = Products;
			sourceTree = "<group>";
		};
		3A27855F1F24BB7E00E2E5EB /* AdaptizerDemo */ = {
			isa = PBXGroup;
			children = (
				3A2785601F24BB7E00E2E5EB /* AppDelegate.swift */,
				3A2785621F24BB7E00E2E5EB /* ViewController.swift */,
				3A2785911F24BB8700E2E5EB /* Adaptizer.swift */,
				3A2785641F24BB7E00E2E5EB /* Main.storyboard */,
				3A27856A1F24BB7E00E2E5EB /* Assets.xcassets */,
				3A27856C1F24BB7E00E2E5EB /* LaunchScreen.storyboard */,
				3A27856F1F24BB7E00E2E5EB /* Info.plist */,
				3A2785671F24BB7E00E2E5EB /* AdaptizerDemo.xcdatamodeld */,
			);
			path = AdaptizerDemo;
			sourceTree = "<group>";
		};
		3A2785771F24BB7E00E2E5EB /* AdaptizerDemoTests */ = {
			isa = PBXGroup;
			children = (
				3A2785781F24BB7E00E2E5EB /* AdaptizerDemoTests.swift */,
				3A27857A1F24BB7E00E2E5EB /* Info.plist */,
			);
			path = AdaptizerDemoTests;
			sourceTree = "<group>";
		};
		3A2785821F24BB7E00E2E5EB /* AdaptizerDemoUITests */ = {
			isa = PBXGroup;
			children = (
				3A2785831F24BB7E00E2E5EB /* AdaptizerDemoUITests.swift */,
				3A2785851F24BB7E00E2E5EB /* Info.plist */,
			);
			path = AdaptizerDemoUITests;
			sourceTree = "<group>";
		};
/* End PBXGroup section */

/* Begin PBXNativeTarget section */
		3A27855C1F24BB7E00E2E5EB /* AdaptizerDemo */ = {
			isa = PBXNativeTarget;
			buildConfigurationList = 3A2785881F24BB7E00E2E5EB /* Build configuration list for PBXNativeTarget "AdaptizerDemo" */;
			buildPhases = (
				3A2785591F24BB7E00E2E5EB /* Sources */,
				3A27855A1F24BB7E00E2E5EB /* Frameworks */,
				3A27855B1F24BB7E00E2E5EB /* Resources */,
			);
			buildRules = (
			);
			dependencies = (
			);
			name = AdaptizerDemo;
			productName = AdaptizerDemo;
			productReference = 3A27855D1F24BB7E00E2E5EB /* AdaptizerDemo.app */;
			productType = "com.apple.product-type.application";
		};
		3A2785731F24BB7E00E2E5EB /* AdaptizerDemoTests */ = {
			isa = PBXNativeTarget;
			buildConfigurationList = 3A27858B1F24BB7E00E2E5EB /* Build configuration list for PBXNativeTarget "AdaptizerDemoTests" */;
			buildPhases = (
				3A2785701F24BB7E00E2E5EB /* Sources */,
				3A2785711F24BB7E00E2E5EB /* Frameworks */,
				3A2785721F24BB7E00E2E5EB /* Resources */,
			);
			buildRules = (
			);
			dependencies = (
				3A2785761F24BB7E00E2E5EB /* PBXTargetDependency */,
			);
			name = AdaptizerDemoTests;
			productName = AdaptizerDemoTests;
			productReference = 3A2785741F24BB7E00E2E5EB /* AdaptizerDemoTests.xctest */;
			productType = "com.apple.product-type.bundle.unit-test";
		};
		3A27857E1F24BB7E00E2E5EB /* AdaptizerDemoUITests */ = {
			isa = PBXNativeTarget;
			buildConfigurationList = 3A27858E1F24BB7E00E2E5EB /* Build configuration list for PBXNativeTarget "AdaptizerDemoUITests" */;
			buildPhases = (
				3A27857B1F24BB7E00E2E5EB /* Sources */,
				3A27857C1F24BB7E00E2E5EB /* Frameworks */,
				3A27857D1F24BB7E00E2E5EB /* Resources */,
			);
			buildRules = (
			);
			dependencies = (
				3A2785811F24BB7E00E2E5EB /* PBXTargetDependency */,
			);
			name = AdaptizerDemoUITests;
			productName = AdaptizerDemoUITests;
			productReference = 3A27857F1F24BB7E00E2E5EB /* AdaptizerDemoUITests.xctest */;
			productType = "com.apple.product-type.bundle.ui-testing";
		};
/* End PBXNativeTarget section */

/* Begin PBXProject section */
		3A2785551F24BB7E00E2E5EB /* Project object */ = {
			isa = PBXProject;
			attributes = {
				LastSwiftUpdateCheck = 0830;
				LastUpgradeCheck = 0830;
				ORGANIZATIONNAME = "Anton Lovchikov";
				TargetAttributes = {
					3A27855C1F24BB7E00E2E5EB = {
						CreatedOnToolsVersion = 8.3.3;
						DevelopmentTeam = 82KKUCCGW5;
						ProvisioningStyle = Automatic;
					};
					3A2785731F24BB7E00E2E5EB = {
						CreatedOnToolsVersion = 8.3.3;
						DevelopmentTeam = 82KKUCCGW5;
						ProvisioningStyle = Automatic;
						TestTargetID = 3A27855C1F24BB7E00E2E5EB;
					};
					3A27857E1F24BB7E00E2E5EB = {
						CreatedOnToolsVersion = 8.3.3;
						DevelopmentTeam = 82KKUCCGW5;
						ProvisioningStyle = Automatic;
						TestTargetID = 3A27855C1F24BB7E00E2E5EB;
					};
				};
			};
			buildConfigurationList = 3A2785581F24BB7E00E2E5EB /* Build configuration list for PBXProject "AdaptizerDemo" */;
			compatibilityVersion = "Xcode 3.2";
			developmentRegion = English;
			hasScannedForEncodings = 0;
			knownRegions = (
				en,
				Base,
			);
			mainGroup = 3A2785541F24BB7E00E2E5EB;
			productRefGroup = 3A27855E1F24BB7E00E2E5EB /* Products */;
			projectDirPath = "";
			projectRoot = "";
			targets = (
				3A27855C1F24BB7E00E2E5EB /* AdaptizerDemo */,
				3A2785731F24BB7E00E2E5EB /* AdaptizerDemoTests */,
				3A27857E1F24BB7E00E2E5EB /* AdaptizerDemoUITests */,
			);
		};
/* End PBXProject section */

/* Begin PBXResourcesBuildPhase section */
		3A27855B1F24BB7E00E2E5EB /* Resources */ = {
			isa = PBXResourcesBuildPhase;
			buildActionMask = 2147483647;
			files = (
				3A27856E1F24BB7E00E2E5EB /* LaunchScreen.storyboard in Resources */,
				3A27856B1F24BB7E00E2E5EB /* Assets.xcassets in Resources */,
				3A2785661F24BB7E00E2E5EB /* Main.storyboard in Resources */,
			);
			runOnlyForDeploymentPostprocessing = 0;
		};
		3A2785721F24BB7E00E2E5EB /* Resources */ = {
			isa = PBXResourcesBuildPhase;
			buildActionMask = 2147483647;
			files = (
			);
			runOnlyForDeploymentPostprocessing = 0;
		};
		3A27857D1F24BB7E00E2E5EB /* Resources */ = {
			isa = PBXResourcesBuildPhase;
			buildActionMask = 2147483647;
			files = (
			);
			runOnlyForDeploymentPostprocessing = 0;
		};
/* End PBXResourcesBuildPhase section */

/* Begin PBXSourcesBuildPhase section */
		3A2785591F24BB7E00E2E5EB /* Sources */ = {
			isa = PBXSourcesBuildPhase;
			buildActionMask = 2147483647;
			files = (
				3A2785631F24BB7E00E2E5EB /* ViewController.swift in Sources */,
				3A2785611F24BB7E00E2E5EB /* AppDelegate.swift in Sources */,
				3A2785921F24BB8700E2E5EB /* Adaptizer.swift in Sources */,
				3A2785691F24BB7E00E2E5EB /* AdaptizerDemo.xcdatamodeld in Sources */,
			);
			runOnlyForDeploymentPostprocessing = 0;
		};
		3A2785701F24BB7E00E2E5EB /* Sources */ = {
			isa = PBXSourcesBuildPhase;
			buildActionMask = 2147483647;
			files = (
				3A2785791F24BB7E00E2E5EB /* AdaptizerDemoTests.swift in Sources */,
			);
			runOnlyForDeploymentPostprocessing = 0;
		};
		3A27857B1F24BB7E00E2E5EB /* Sources */ = {
			isa = PBXSourcesBuildPhase;
			buildActionMask = 2147483647;
			files = (
				3A2785841F24BB7E00E2E5EB /* AdaptizerDemoUITests.swift in Sources */,
			);
			runOnlyForDeploymentPostprocessing = 0;
		};
/* End PBXSourcesBuildPhase section */

/* Begin PBXTargetDependency section */
		3A2785761F24BB7E00E2E5EB /* PBXTargetDependency */ = {
			isa = PBXTargetDependency;
			target = 3A27855C1F24BB7E00E2E5EB /* AdaptizerDemo */;
			targetProxy = 3A2785751F24BB7E00E2E5EB /* PBXContainerItemProxy */;
		};
		3A2785811F24BB7E00E2E5EB /* PBXTargetDependency */ = {
			isa = PBXTargetDependency;
			target = 3A27855C1F24BB7E00E2E5EB /* AdaptizerDemo */;
			targetProxy = 3A2785801F24BB7E00E2E5EB /* PBXContainerItemProxy */;
		};
/* End PBXTargetDependency section */

/* Begin PBXVariantGroup section */
		3A2785641F24BB7E00E2E5EB /* Main.storyboard */ = {
			isa = PBXVariantGroup;
			children = (
				3A2785651F24BB7E00E2E5EB /* Base */,
			);
			name = Main.storyboard;
			sourceTree = "<group>";
		};
		3A27856C1F24BB7E00E2E5EB /* LaunchScreen.storyboard */ = {
			isa = PBXVariantGroup;
			children = (
				3A27856D1F24BB7E00E2E5EB /* Base */,
			);
			name = LaunchScreen.storyboard;
			sourceTree = "<group>";
		};
/* End PBXVariantGroup section */

/* Begin XCBuildConfiguration section */
		3A2785861F24BB7E00E2E5EB /* Debug */ = {
			isa = XCBuildConfiguration;
			buildSettings = {
				ALWAYS_SEARCH_USER_PATHS = NO;
				CLANG_ANALYZER_NONNULL = YES;
				CLANG_ANALYZER_NUMBER_OBJECT_CONVERSION = YES_AGGRESSIVE;
				CLANG_CXX_LANGUAGE_STANDARD = "gnu++0x";
				CLANG_CXX_LIBRARY = "libc++";
				CLANG_ENABLE_MODULES = YES;
				CLANG_ENABLE_OBJC_ARC = YES;
				CLANG_WARN_BOOL_CONVERSION = YES;
				CLANG_WARN_CONSTANT_CONVERSION = YES;
				CLANG_WARN_DIRECT_OBJC_ISA_USAGE = YES_ERROR;
				CLANG_WARN_DOCUMENTATION_COMMENTS = YES;
				CLANG_WARN_EMPTY_BODY = YES;
				CLANG_WARN_ENUM_CONVERSION = YES;
				CLANG_WARN_INFINITE_RECURSION = YES;
				CLANG_WARN_INT_CONVERSION = YES;
				CLANG_WARN_OBJC_ROOT_CLASS = YES_ERROR;
				CLANG_WARN_SUSPICIOUS_MOVE = YES;
				CLANG_WARN_UNREACHABLE_CODE = YES;
				CLANG_WARN__DUPLICATE_METHOD_MATCH = YES;
				"CODE_SIGN_IDENTITY[sdk=iphoneos*]" = "iPhone Developer";
				COPY_PHASE_STRIP = NO;
				DEBUG_INFORMATION_FORMAT = dwarf;
				ENABLE_STRICT_OBJC_MSGSEND = YES;
				ENABLE_TESTABILITY = YES;
				GCC_C_LANGUAGE_STANDARD = gnu99;
				GCC_DYNAMIC_NO_PIC = NO;
				GCC_NO_COMMON_BLOCKS = YES;
				GCC_OPTIMIZATION_LEVEL = 0;
				GCC_PREPROCESSOR_DEFINITIONS = (
					"DEBUG=1",
					"$(inherited)",
				);
				GCC_WARN_64_TO_32_BIT_CONVERSION = YES;
				GCC_WARN_ABOUT_RETURN_TYPE = YES_ERROR;
				GCC_WARN_UNDECLARED_SELECTOR = YES;
				GCC_WARN_UNINITIALIZED_AUTOS = YES_AGGRESSIVE;
				GCC_WARN_UNUSED_FUNCTION = YES;
				GCC_WARN_UNUSED_VARIABLE = YES;
				IPHONEOS_DEPLOYMENT_TARGET = 10.3;
				MTL_ENABLE_DEBUG_INFO = YES;
				ONLY_ACTIVE_ARCH = YES;
				SDKROOT = iphoneos;
				SWIFT_ACTIVE_COMPILATION_CONDITIONS = DEBUG;
				SWIFT_OPTIMIZATION_LEVEL = "-Onone";
				TARGETED_DEVICE_FAMILY = "1,2";
			};
			name = Debug;
		};
		3A2785871F24BB7E00E2E5EB /* Release */ = {
			isa = XCBuildConfiguration;
			buildSettings = {
				ALWAYS_SEARCH_USER_PATHS = NO;
				CLANG_ANALYZER_NONNULL = YES;
				CLANG_ANALYZER_NUMBER_OBJECT_CONVERSION = YES_AGGRESSIVE;
				CLANG_CXX_LANGUAGE_STANDARD = "gnu++0x";
				CLANG_CXX_LIBRARY = "libc++";
				CLANG_ENABLE_MODULES = YES;
				CLANG_ENABLE_OBJC_ARC = YES;
				CLANG_WARN_BOOL_CONVERSION = YES;
				CLANG_WARN_CONSTANT_CONVERSION = YES;
				CLANG_WARN_DIRECT_OBJC_ISA_USAGE = YES_ERROR;
				CLANG_WARN_DOCUMENTATION_COMMENTS = YES;
				CLANG_WARN_EMPTY_BODY = YES;
				CLANG_WARN_ENUM_CONVERSION = YES;
				CLANG_WARN_INFINITE_RECURSION = YES;
				CLANG_WARN_INT_CONVERSION = YES;
				CLANG_WARN_OBJC_ROOT_CLASS = YES_ERROR;
				CLANG_WARN_SUSPICIOUS_MOVE = YES;
				CLANG_WARN_UNREACHABLE_CODE = YES;
				CLANG_WARN__DUPLICATE_METHOD_MATCH = YES;
				"CODE_SIGN_IDENTITY[sdk=iphoneos*]" = "iPhone Developer";
				COPY_PHASE_STRIP = NO;
				DEBUG_INFORMATION_FORMAT = "dwarf-with-dsym";
				ENABLE_NS_ASSERTIONS = NO;
				ENABLE_STRICT_OBJC_MSGSEND = YES;
				GCC_C_LANGUAGE_STANDARD = gnu99;
				GCC_NO_COMMON_BLOCKS = YES;
				GCC_WARN_64_TO_32_BIT_CONVERSION = YES;
				GCC_WARN_ABOUT_RETURN_TYPE = YES_ERROR;
				GCC_WARN_UNDECLARED_SELECTOR = YES;
				GCC_WARN_UNINITIALIZED_AUTOS = YES_AGGRESSIVE;
				GCC_WARN_UNUSED_FUNCTION = YES;
				GCC_WARN_UNUSED_VARIABLE = YES;
				IPHONEOS_DEPLOYMENT_TARGET = 10.3;
				MTL_ENABLE_DEBUG_INFO = NO;
				SDKROOT = iphoneos;
				SWIFT_OPTIMIZATION_LEVEL = "-Owholemodule";
				TARGETED_DEVICE_FAMILY = "1,2";
				VALIDATE_PRODUCT = YES;
			};
			name = Release;
		};
		3A2785891F24BB7E00E2E5EB /* Debug */ = {
			isa = XCBuildConfiguration;
			buildSettings = {
				ASSETCATALOG_COMPILER_APPICON_NAME = AppIcon;
				DEVELOPMENT_TEAM = 82KKUCCGW5;
				INFOPLIST_FILE = AdaptizerDemo/Info.plist;
				LD_RUNPATH_SEARCH_PATHS = "$(inherited) @executable_path/Frameworks";
				PRODUCT_BUNDLE_IDENTIFIER = ru.rememba.AdaptizerDemo;
				PRODUCT_NAME = "$(TARGET_NAME)";
				SWIFT_VERSION = 3.0;
			};
			name = Debug;
		};
		3A27858A1F24BB7E00E2E5EB /* Release */ = {
			isa = XCBuildConfiguration;
			buildSettings = {
				ASSETCATALOG_COMPILER_APPICON_NAME = AppIcon;
				DEVELOPMENT_TEAM = 82KKUCCGW5;
				INFOPLIST_FILE = AdaptizerDemo/Info.plist;
				LD_RUNPATH_SEARCH_PATHS = "$(inherited) @executable_path/Frameworks";
				PRODUCT_BUNDLE_IDENTIFIER = ru.rememba.AdaptizerDemo;
				PRODUCT_NAME = "$(TARGET_NAME)";
				SWIFT_VERSION = 3.0;
			};
			name = Release;
		};
		3A27858C1F24BB7E00E2E5EB /* Debug */ = {
			isa = XCBuildConfiguration;
			buildSettings = {
				ALWAYS_EMBED_SWIFT_STANDARD_LIBRARIES = YES;
				BUNDLE_LOADER = "$(TEST_HOST)";
				DEVELOPMENT_TEAM = 82KKUCCGW5;
				INFOPLIST_FILE = AdaptizerDemoTests/Info.plist;
				LD_RUNPATH_SEARCH_PATHS = "$(inherited) @executable_path/Frameworks @loader_path/Frameworks";
				PRODUCT_BUNDLE_IDENTIFIER = ru.rememba.AdaptizerDemoTests;
				PRODUCT_NAME = "$(TARGET_NAME)";
				SWIFT_VERSION = 3.0;
				TEST_HOST = "$(BUILT_PRODUCTS_DIR)/AdaptizerDemo.app/AdaptizerDemo";
			};
			name = Debug;
		};
		3A27858D1F24BB7E00E2E5EB /* Release */ = {
			isa = XCBuildConfiguration;
			buildSettings = {
				ALWAYS_EMBED_SWIFT_STANDARD_LIBRARIES = YES;
				BUNDLE_LOADER = "$(TEST_HOST)";
				DEVELOPMENT_TEAM = 82KKUCCGW5;
				INFOPLIST_FILE = AdaptizerDemoTests/Info.plist;
				LD_RUNPATH_SEARCH_PATHS = "$(inherited) @executable_path/Frameworks @loader_path/Frameworks";
				PRODUCT_BUNDLE_IDENTIFIER = ru.rememba.AdaptizerDemoTests;
				PRODUCT_NAME = "$(TARGET_NAME)";
				SWIFT_VERSION = 3.0;
				TEST_HOST = "$(BUILT_PRODUCTS_DIR)/AdaptizerDemo.app/AdaptizerDemo";
			};
			name = Release;
		};
		3A27858F1F24BB7E00E2E5EB /* Debug */ = {
			isa = XCBuildConfiguration;
			buildSettings = {
				ALWAYS_EMBED_SWIFT_STANDARD_LIBRARIES = YES;
				DEVELOPMENT_TEAM = 82KKUCCGW5;
				INFOPLIST_FILE = AdaptizerDemoUITests/Info.plist;
				LD_RUNPATH_SEARCH_PATHS = "$(inherited) @executable_path/Frameworks @loader_path/Frameworks";
				PRODUCT_BUNDLE_IDENTIFIER = ru.rememba.AdaptizerDemoUITests;
				PRODUCT_NAME = "$(TARGET_NAME)";
				SWIFT_VERSION = 3.0;
				TEST_TARGET_NAME = AdaptizerDemo;
			};
			name = Debug;
		};
		3A2785901F24BB7E00E2E5EB /* Release */ = {
			isa = XCBuildConfiguration;
			buildSettings = {
				ALWAYS_EMBED_SWIFT_STANDARD_LIBRARIES = YES;
				DEVELOPMENT_TEAM = 82KKUCCGW5;
				INFOPLIST_FILE = AdaptizerDemoUITests/Info.plist;
				LD_RUNPATH_SEARCH_PATHS = "$(inherited) @executable_path/Frameworks @loader_path/Frameworks";
				PRODUCT_BUNDLE_IDENTIFIER = ru.rememba.AdaptizerDemoUITests;
				PRODUCT_NAME = "$(TARGET_NAME)";
				SWIFT_VERSION = 3.0;
				TEST_TARGET_NAME = AdaptizerDemo;
			};
			name = Release;
		};
/* End XCBuildConfiguration section */

/* Begin XCConfigurationList section */
		3A2785581F24BB7E00E2E5EB /* Build configuration list for PBXProject "AdaptizerDemo" */ = {
			isa = XCConfigurationList;
			buildConfigurations = (
				3A2785861F24BB7E00E2E5EB /* Debug */,
				3A2785871F24BB7E00E2E5EB /* Release */,
			);
			defaultConfigurationIsVisible = 0;
			defaultConfigurationName = Release;
		};
		3A2785881F24BB7E00E2E5EB /* Build configuration list for PBXNativeTarget "AdaptizerDemo" */ = {
			isa = XCConfigurationList;
			buildConfigurations = (
				3A2785891F24BB7E00E2E5EB /* Debug */,
				3A27858A1F24BB7E00E2E5EB /* Release */,
			);
			defaultConfigurationIsVisible = 0;
		};
		3A27858B1F24BB7E00E2E5EB /* Build configuration list for PBXNativeTarget "AdaptizerDemoTests" */ = {
			isa = XCConfigurationList;
			buildConfigurations = (
				3A27858C1F24BB7E00E2E5EB /* Debug */,
				3A27858D1F24BB7E00E2E5EB /* Release */,
			);
			defaultConfigurationIsVisible = 0;
		};
		3A27858E1F24BB7E00E2E5EB /* Build configuration list for PBXNativeTarget "AdaptizerDemoUITests" */ = {
			isa = XCConfigurationList;
			buildConfigurations = (
				3A27858F1F24BB7E00E2E5EB /* Debug */,
				3A2785901F24BB7E00E2E5EB /* Release */,
			);
			defaultConfigurationIsVisible = 0;
		};
/* End XCConfigurationList section */

/* Begin XCVersionGroup section */
		3A2785671F24BB7E00E2E5EB /* AdaptizerDemo.xcdatamodeld */ = {
			isa = XCVersionGroup;
			children = (
				3A2785681F24BB7E00E2E5EB /* AdaptizerDemo.xcdatamodel */,
			);
			currentVersion = 3A2785681F24BB7E00E2E5EB /* AdaptizerDemo.xcdatamodel */;
			path = AdaptizerDemo.xcdatamodeld;
			sourceTree = "<group>";
			versionGroupType = wrapper.xcdatamodel;
		};
/* End XCVersionGroup section */
	};
	rootObject = 3A2785551F24BB7E00E2E5EB /* Project object */;
}
